
Microsoft Visual Studio Solution File, Format Version 12.00
# Visual Studio 15
VisualStudioVersion = 15.0.27703.2035
MinimumVisualStudioVersion = 10.0.40219.1
Project("{9A19103F-16F7-4668-BE54-9A1E7A4F7556}") = "BookCovers.API", "..\building-async-api-aspdotnet-core\07\demos\end\Books\BookCovers.API\BookCovers.API.csproj", "{ED7ED46C-7583-4995-94E3-442AA3D6C166}"
EndProject
Project("{9A19103F-16F7-4668-BE54-9A1E7A4F7556}") = "Books.Legacy", "..\building-async-api-aspdotnet-core\07\demos\end\Books\Books.Legacy\Books.Legacy.csproj", "{4988EF6F-0A5A-4D7F-89D4-7C116C3C33B5}"
EndProject
Project("{9A19103F-16F7-4668-BE54-9A1E7A4F7556}") = "Books.Api", "..\building-async-api-aspdotnet-core\07\demos\end\Books\Books.Api\Books.Api.csproj", "{45915E62-FF24-42D0-9AD5-E5E96350265B}"
EndProject
Global
	GlobalSection(SolutionConfigurationPlatforms) = preSolution
		Debug|Any CPU = Debug|Any CPU
		Release|Any CPU = Release|Any CPU
	EndGlobalSection
	GlobalSection(ProjectConfigurationPlatforms) = postSolution
		{ED7ED46C-7583-4995-94E3-442AA3D6C166}.Debug|Any CPU.ActiveCfg = Debug|Any CPU
		{ED7ED46C-7583-4995-94E3-442AA3D6C166}.Debug|Any CPU.Build.0 = Debug|Any CPU
		{ED7ED46C-7583-4995-94E3-442AA3D6C166}.Release|Any CPU.ActiveCfg = Release|Any CPU
		{ED7ED46C-7583-4995-94E3-442AA3D6C166}.Release|Any CPU.Build.0 = Release|Any CPU
		{4988EF6F-0A5A-4D7F-89D4-7C116C3C33B5}.Debug|Any CPU.ActiveCfg = Debug|Any CPU
		{4988EF6F-0A5A-4D7F-89D4-7C116C3C33B5}.Debug|Any CPU.Build.0 = Debug|Any CPU
		{4988EF6F-0A5A-4D7F-89D4-7C116C3C33B5}.Release|Any CPU.ActiveCfg = Release|Any CPU
		{4988EF6F-0A5A-4D7F-89D4-7C116C3C33B5}.Release|Any CPU.Build.0 = Release|Any CPU
		{45915E62-FF24-42D0-9AD5-E5E96350265B}.Debug|Any CPU.ActiveCfg = Debug|Any CPU
		{45915E62-FF24-42D0-9AD5-E5E96350265B}.Debug|Any CPU.Build.0 = Debug|Any CPU
		{45915E62-FF24-42D0-9AD5-E5E96350265B}.Release|Any CPU.ActiveCfg = Release|Any CPU
		{45915E62-FF24-42D0-9AD5-E5E96350265B}.Release|Any CPU.Build.0 = Release|Any CPU
	EndGlobalSection
	GlobalSection(SolutionProperties) = preSolution
		HideSolutionNode = FALSE
	EndGlobalSection
	GlobalSection(ExtensibilityGlobals) = postSolution
		SolutionGuid = {35548026-6D6E-4DB5-A509-2CBA26A22AFC}
	EndGlobalSection
EndGlobal
